// !$*UTF8*$!
{
	archiveVersion = 1;
	classes = {
	};
	objectVersion = 77;
	objects = {

/* Begin PBXContainerItemProxy section */
		A39526D92EA021EA008F3E10 /* PBXContainerItemProxy */ = {
			isa = PBXContainerItemProxy;
			containerPortal = A39526BA2EA021E9008F3E10 /* Project object */;
			proxyType = 1;
			remoteGlobalIDString = A39526C12EA021E9008F3E10;
			remoteInfo = PixelTestUIKit;
		};
		A39526E32EA021EA008F3E10 /* PBXContainerItemProxy */ = {
			isa = PBXContainerItemProxy;
			containerPortal = A39526BA2EA021E9008F3E10 /* Project object */;
			proxyType = 1;
			remoteGlobalIDString = A39526C12EA021E9008F3E10;
			remoteInfo = PixelTestUIKit;
		};
/* End PBXContainerItemProxy section */

/* Begin PBXFileReference section */
		A39526C22EA021E9008F3E10 /* PixelTestUIKit.app */ = {isa = PBXFileReference; explicitFileType = wrapper.application; includeInIndex = 0; path = PixelTestUIKit.app; sourceTree = BUILT_PRODUCTS_DIR; };
		A39526D82EA021EA008F3E10 /* PixelTestUIKitTests.xctest */ = {isa = PBXFileReference; explicitFileType = wrapper.cfbundle; includeInIndex = 0; path = PixelTestUIKitTests.xctest; sourceTree = BUILT_PRODUCTS_DIR; };
		A39526E22EA021EA008F3E10 /* PixelTestUIKitUITests.xctest */ = {isa = PBXFileReference; explicitFileType = wrapper.cfbundle; includeInIndex = 0; path = PixelTestUIKitUITests.xctest; sourceTree = BUILT_PRODUCTS_DIR; };
/* End PBXFileReference section */

/* Begin PBXFileSystemSynchronizedBuildFileExceptionSet section */
		A39526EA2EA021EA008F3E10 /* Exceptions for "PixelTestUIKit" folder in "PixelTestUIKit" target */ = {
			isa = PBXFileSystemSynchronizedBuildFileExceptionSet;
			membershipExceptions = (
				Info.plist,
			);
			target = A39526C12EA021E9008F3E10 /* PixelTestUIKit */;
		};
/* End PBXFileSystemSynchronizedBuildFileExceptionSet section */

/* Begin PBXFileSystemSynchronizedRootGroup section */
		A39526C42EA021E9008F3E10 /* PixelTestUIKit */ = {
			isa = PBXFileSystemSynchronizedRootGroup;
			exceptions = (
				A39526EA2EA021EA008F3E10 /* Exceptions for "PixelTestUIKit" folder in "PixelTestUIKit" target */,
			);
			path = PixelTestUIKit;
			sourceTree = "<group>";
		};
		A39526DB2EA021EA008F3E10 /* PixelTestUIKitTests */ = {
			isa = PBXFileSystemSynchronizedRootGroup;
			path = PixelTestUIKitTests;
			sourceTree = "<group>";
		};
		A39526E52EA021EA008F3E10 /* PixelTestUIKitUITests */ = {
			isa = PBXFileSystemSynchronizedRootGroup;
			path = PixelTestUIKitUITests;
			sourceTree = "<group>";
		};
/* End PBXFileSystemSynchronizedRootGroup section */

/* Begin PBXFrameworksBuildPhase section */
		A39526BF2EA021E9008F3E10 /* Frameworks */ = {
			isa = PBXFrameworksBuildPhase;
			buildActionMask = 2147483647;
			files = (
			);
			runOnlyForDeploymentPostprocessing = 0;
		};
		A39526D52EA021EA008F3E10 /* Frameworks */ = {
			isa = PBXFrameworksBuildPhase;
			buildActionMask = 2147483647;
			files = (
			);
			runOnlyForDeploymentPostprocessing = 0;
		};
		A39526DF2EA021EA008F3E10 /* Frameworks */ = {
			isa = PBXFrameworksBuildPhase;
			buildActionMask = 2147483647;
			files = (
			);
			runOnlyForDeploymentPostprocessing = 0;
		};
/* End PBXFrameworksBuildPhase section */

/* Begin PBXGroup section */
		A39526B92EA021E9008F3E10 = {
			isa = PBXGroup;
			children = (
				A39526C42EA021E9008F3E10 /* PixelTestUIKit */,
				A39526DB2EA021EA008F3E10 /* PixelTestUIKitTests */,
				A39526E52EA021EA008F3E10 /* PixelTestUIKitUITests */,
				A39526C32EA021E9008F3E10 /* Products */,
			);
			sourceTree = "<group>";
		};
		A39526C32EA021E9008F3E10 /* Products */ = {
			isa = PBXGroup;
			children = (
				A39526C22EA021E9008F3E10 /* PixelTestUIKit.app */,
				A39526D82EA021EA008F3E10 /* PixelTestUIKitTests.xctest */,
				A39526E22EA021EA008F3E10 /* PixelTestUIKitUITests.xctest */,
			);
			name = Products;
			sourceTree = "<group>";
		};
/* End PBXGroup section */

/* Begin PBXNativeTarget section */
		A39526C12EA021E9008F3E10 /* PixelTestUIKit */ = {
			isa = PBXNativeTarget;
			buildConfigurationList = A39526EB2EA021EA008F3E10 /* Build configuration list for PBXNativeTarget "PixelTestUIKit" */;
			buildPhases = (
				A39526BE2EA021E9008F3E10 /* Sources */,
				A39526BF2EA021E9008F3E10 /* Frameworks */,
				A39526C02EA021E9008F3E10 /* Resources */,
			);
			buildRules = (
			);
			dependencies = (
			);
			fileSystemSynchronizedGroups = (
				A39526C42EA021E9008F3E10 /* PixelTestUIKit */,
			);
			name = PixelTestUIKit;
			packageProductDependencies = (
			);
			productName = PixelTestUIKit;
			productReference = A39526C22EA021E9008F3E10 /* PixelTestUIKit.app */;
			productType = "com.apple.product-type.application";
		};
		A39526D72EA021EA008F3E10 /* PixelTestUIKitTests */ = {
			isa = PBXNativeTarget;
			buildConfigurationList = A39526F02EA021EA008F3E10 /* Build configuration list for PBXNativeTarget "PixelTestUIKitTests" */;
			buildPhases = (
				A39526D42EA021EA008F3E10 /* Sources */,
				A39526D52EA021EA008F3E10 /* Frameworks */,
				A39526D62EA021EA008F3E10 /* Resources */,
			);
			buildRules = (
			);
			dependencies = (
				A39526DA2EA021EA008F3E10 /* PBXTargetDependency */,
			);
			fileSystemSynchronizedGroups = (
				A39526DB2EA021EA008F3E10 /* PixelTestUIKitTests */,
			);
			name = PixelTestUIKitTests;
			packageProductDependencies = (
			);
			productName = PixelTestUIKitTests;
			productReference = A39526D82EA021EA008F3E10 /* PixelTestUIKitTests.xctest */;
			productType = "com.apple.product-type.bundle.unit-test";
		};
		A39526E12EA021EA008F3E10 /* PixelTestUIKitUITests */ = {
			isa = PBXNativeTarget;
			buildConfigurationList = A39526F32EA021EA008F3E10 /* Build configuration list for PBXNativeTarget "PixelTestUIKitUITests" */;
			buildPhases = (
				A39526DE2EA021EA008F3E10 /* Sources */,
				A39526DF2EA021EA008F3E10 /* Frameworks */,
				A39526E02EA021EA008F3E10 /* Resources */,
			);
			buildRules = (
			);
			dependencies = (
				A39526E42EA021EA008F3E10 /* PBXTargetDependency */,
			);
			fileSystemSynchronizedGroups = (
				A39526E52EA021EA008F3E10 /* PixelTestUIKitUITests */,
			);
			name = PixelTestUIKitUITests;
			packageProductDependencies = (
			);
			productName = PixelTestUIKitUITests;
			productReference = A39526E22EA021EA008F3E10 /* PixelTestUIKitUITests.xctest */;
			productType = "com.apple.product-type.bundle.ui-testing";
		};
/* End PBXNativeTarget section */

/* Begin PBXProject section */
		A39526BA2EA021E9008F3E10 /* Project object */ = {
			isa = PBXProject;
			attributes = {
				BuildIndependentTargetsInParallel = 1;
				LastSwiftUpdateCheck = 2600;
				LastUpgradeCheck = 2600;
				TargetAttributes = {
					A39526C12EA021E9008F3E10 = {
						CreatedOnToolsVersion = 26.0.1;
					};
					A39526D72EA021EA008F3E10 = {
						CreatedOnToolsVersion = 26.0.1;
						TestTargetID = A39526C12EA021E9008F3E10;
					};
					A39526E12EA021EA008F3E10 = {
						CreatedOnToolsVersion = 26.0.1;
						TestTargetID = A39526C12EA021E9008F3E10;
					};
				};
			};
			buildConfigurationList = A39526BD2EA021E9008F3E10 /* Build configuration list for PBXProject "PixelTestUIKit" */;
			developmentRegion = en;
			hasScannedForEncodings = 0;
			knownRegions = (
				en,
				Base,
			);
			mainGroup = A39526B92EA021E9008F3E10;
			minimizedProjectReferenceProxies = 1;
			packageReferences = (
			);
			preferredProjectObjectVersion = 77;
			productRefGroup = A39526C32EA021E9008F3E10 /* Products */;
			projectDirPath = "";
			projectRoot = "";
			targets = (
				A39526C12EA021E9008F3E10 /* PixelTestUIKit */,
				A39526D72EA021EA008F3E10 /* PixelTestUIKitTests */,
				A39526E12EA021EA008F3E10 /* PixelTestUIKitUITests */,
			);
		};
/* End PBXProject section */

/* Begin PBXResourcesBuildPhase section */
		A39526C02EA021E9008F3E10 /* Resources */ = {
			isa = PBXResourcesBuildPhase;
			buildActionMask = 2147483647;
			files = (
			);
			runOnlyForDeploymentPostprocessing = 0;
		};
		A39526D62EA021EA008F3E10 /* Resources */ = {
			isa = PBXResourcesBuildPhase;
			buildActionMask = 2147483647;
			files = (
			);
			runOnlyForDeploymentPostprocessing = 0;
		};
		A39526E02EA021EA008F3E10 /* Resources */ = {
			isa = PBXResourcesBuildPhase;
			buildActionMask = 2147483647;
			files = (
			);
			runOnlyForDeploymentPostprocessing = 0;
		};
/* End PBXResourcesBuildPhase section */

/* Begin PBXSourcesBuildPhase section */
		A39526BE2EA021E9008F3E10 /* Sources */ = {
			isa = PBXSourcesBuildPhase;
			buildActionMask = 2147483647;
			files = (
			);
			runOnlyForDeploymentPostprocessing = 0;
		};
		A39526D42EA021EA008F3E10 /* Sources */ = {
			isa = PBXSourcesBuildPhase;
			buildActionMask = 2147483647;
			files = (
			);
			runOnlyForDeploymentPostprocessing = 0;
		};
		A39526DE2EA021EA008F3E10 /* Sources */ = {
			isa = PBXSourcesBuildPhase;
			buildActionMask = 2147483647;
			files = (
			);
			runOnlyForDeploymentPostprocessing = 0;
		};
/* End PBXSourcesBuildPhase section */

/* Begin PBXTargetDependency section */
		A39526DA2EA021EA008F3E10 /* PBXTargetDependency */ = {
			isa = PBXTargetDependency;
			target = A39526C12EA021E9008F3E10 /* PixelTestUIKit */;
			targetProxy = A39526D92EA021EA008F3E10 /* PBXContainerItemProxy */;
		};
		A39526E42EA021EA008F3E10 /* PBXTargetDependency */ = {
			isa = PBXTargetDependency;
			target = A39526C12EA021E9008F3E10 /* PixelTestUIKit */;
			targetProxy = A39526E32EA021EA008F3E10 /* PBXContainerItemProxy */;
		};
/* End PBXTargetDependency section */

/* Begin XCBuildConfiguration section */
		A39526EC2EA021EA008F3E10 /* Debug */ = {
			isa = XCBuildConfiguration;
			buildSettings = {
				ASSETCATALOG_COMPILER_APPICON_NAME = AppIcon;
				ASSETCATALOG_COMPILER_GLOBAL_ACCENT_COLOR_NAME = AccentColor;
				CODE_SIGN_STYLE = Automatic;
				CURRENT_PROJECT_VERSION = 1;
				DEVELOPMENT_TEAM = F9ZXT3C227;
				GENERATE_INFOPLIST_FILE = YES;
				INFOPLIST_FILE = PixelTestUIKit/Info.plist;
				INFOPLIST_KEY_UIApplicationSupportsIndirectInputEvents = YES;
				INFOPLIST_KEY_UILaunchStoryboardName = LaunchScreen;
				INFOPLIST_KEY_UIMainStoryboardFile = Main;
				INFOPLIST_KEY_UISupportedInterfaceOrientations_iPad = "UIInterfaceOrientationPortrait UIInterfaceOrientationPortraitUpsideDown UIInterfaceOrientationLandscapeLeft UIInterfaceOrientationLandscapeRight";
				INFOPLIST_KEY_UISupportedInterfaceOrientations_iPhone = "UIInterfaceOrientationPortrait UIInterfaceOrientationLandscapeLeft UIInterfaceOrientationLandscapeRight";
				LD_RUNPATH_SEARCH_PATHS = (
					"$(inherited)",
					"@executable_path/Frameworks",
				);
				MARKETING_VERSION = 1.0;
				PRODUCT_BUNDLE_IDENTIFIER = com.luke.pixeltestuikit.PixelTestUIKit;
				PRODUCT_NAME = "$(TARGET_NAME)";
				STRING_CATALOG_GENERATE_SYMBOLS = YES;
				SWIFT_APPROACHABLE_CONCURRENCY = YES;
				SWIFT_DEFAULT_ACTOR_ISOLATION = MainActor;
				SWIFT_EMIT_LOC_STRINGS = YES;
				SWIFT_UPCOMING_FEATURE_MEMBER_IMPORT_VISIBILITY = YES;
				SWIFT_VERSION = 5.0;
				TARGETED_DEVICE_FAMILY = "1,2";
			};
			name = Debug;
		};
		A39526ED2EA021EA008F3E10 /* Release */ = {
			isa = XCBuildConfiguration;
			buildSettings = {
				ASSETCATALOG_COMPILER_APPICON_NAME = AppIcon;
				ASSETCATALOG_COMPILER_GLOBAL_ACCENT_COLOR_NAME = AccentColor;
				CODE_SIGN_STYLE = Automatic;
				CURRENT_PROJECT_VERSION = 1;
				DEVELOPMENT_TEAM = F9ZXT3C227;
				GENERATE_INFOPLIST_FILE = YES;
				INFOPLIST_FILE = PixelTestUIKit/Info.plist;
				INFOPLIST_KEY_UIApplicationSupportsIndirectInputEvents = YES;
				INFOPLIST_KEY_UILaunchStoryboardName = LaunchScreen;
				INFOPLIST_KEY_UIMainStoryboardFile = Main;
				INFOPLIST_KEY_UISupportedInterfaceOrientations_iPad = "UIInterfaceOrientationPortrait UIInterfaceOrientationPortraitUpsideDown UIInterfaceOrientationLandscapeLeft UIInterfaceOrientationLandscapeRight";
				INFOPLIST_KEY_UISupportedInterfaceOrientations_iPhone = "UIInterfaceOrientationPortrait UIInterfaceOrientationLandscapeLeft UIInterfaceOrientationLandscapeRight";
				LD_RUNPATH_SEARCH_PATHS = (
					"$(inherited)",
					"@executable_path/Frameworks",
				);
				MARKETING_VERSION = 1.0;
				PRODUCT_BUNDLE_IDENTIFIER = com.luke.pixeltestuikit.PixelTestUIKit;
				PRODUCT_NAME = "$(TARGET_NAME)";
				STRING_CATALOG_GENERATE_SYMBOLS = YES;
				SWIFT_APPROACHABLE_CONCURRENCY = YES;
				SWIFT_DEFAULT_ACTOR_ISOLATION = MainActor;
				SWIFT_EMIT_LOC_STRINGS = YES;
				SWIFT_UPCOMING_FEATURE_MEMBER_IMPORT_VISIBILITY = YES;
				SWIFT_VERSION = 5.0;
				TARGETED_DEVICE_FAMILY = "1,2";
			};
			name = Release;
		};
		A39526EE2EA021EA008F3E10 /* Debug */ = {
			isa = XCBuildConfiguration;
			buildSettings = {
				ALWAYS_SEARCH_USER_PATHS = NO;
				ASSETCATALOG_COMPILER_GENERATE_SWIFT_ASSET_SYMBOL_EXTENSIONS = YES;
				CLANG_ANALYZER_NONNULL = YES;
				CLANG_ANALYZER_NUMBER_OBJECT_CONVERSION = YES_AGGRESSIVE;
				CLANG_CXX_LANGUAGE_STANDARD = "gnu++20";
				CLANG_ENABLE_MODULES = YES;
				CLANG_ENABLE_OBJC_ARC = YES;
				CLANG_ENABLE_OBJC_WEAK = YES;
				CLANG_WARN_BLOCK_CAPTURE_AUTORELEASING = YES;
				CLANG_WARN_BOOL_CONVERSION = YES;
				CLANG_WARN_COMMA = YES;
				CLANG_WARN_CONSTANT_CONVERSION = YES;
				CLANG_WARN_DEPRECATED_OBJC_IMPLEMENTATIONS = YES;
				CLANG_WARN_DIRECT_OBJC_ISA_USAGE = YES_ERROR;
				CLANG_WARN_DOCUMENTATION_COMMENTS = YES;
				CLANG_WARN_EMPTY_BODY = YES;
				CLANG_WARN_ENUM_CONVERSION = YES;
				CLANG_WARN_INFINITE_RECURSION = YES;
				CLANG_WARN_INT_CONVERSION = YES;
				CLANG_WARN_NON_LITERAL_NULL_CONVERSION = YES;
				CLANG_WARN_OBJC_IMPLICIT_RETAIN_SELF = YES;
				CLANG_WARN_OBJC_LITERAL_CONVERSION = YES;
				CLANG_WARN_OBJC_ROOT_CLASS = YES_ERROR;
				CLANG_WARN_QUOTED_INCLUDE_IN_FRAMEWORK_HEADER = YES;
				CLANG_WARN_RANGE_LOOP_ANALYSIS = YES;
				CLANG_WARN_STRICT_PROTOTYPES = YES;
				CLANG_WARN_SUSPICIOUS_MOVE = YES;
				CLANG_WARN_UNGUARDED_AVAILABILITY = YES_AGGRESSIVE;
				CLANG_WARN_UNREACHABLE_CODE = YES;
				CLANG_WARN__DUPLICATE_METHOD_MATCH = YES;
				COPY_PHASE_STRIP = NO;
				DEBUG_INFORMATION_FORMAT = dwarf;
				DEVELOPMENT_TEAM = F9ZXT3C227;
				ENABLE_STRICT_OBJC_MSGSEND = YES;
				ENABLE_TESTABILITY = YES;
				ENABLE_USER_SCRIPT_SANDBOXING = YES;
				GCC_C_LANGUAGE_STANDARD = gnu17;
				GCC_DYNAMIC_NO_PIC = NO;
				GCC_NO_COMMON_BLOCKS = YES;
				GCC_OPTIMIZATION_LEVEL = 0;
				GCC_PREPROCESSOR_DEFINITIONS = (
					"DEBUG=1",
					"$(inherited)",
				);
				GCC_WARN_64_TO_32_BIT_CONVERSION = YES;
				GCC_WARN_ABOUT_RETURN_TYPE = YES_ERROR;
				GCC_WARN_UNDECLARED_SELECTOR = YES;
				GCC_WARN_UNINITIALIZED_AUTOS = YES_AGGRESSIVE;
				GCC_WARN_UNUSED_FUNCTION = YES;
				GCC_WARN_UNUSED_VARIABLE = YES;
				IPHONEOS_DEPLOYMENT_TARGET = 26.0;
				LOCALIZATION_PREFERS_STRING_CATALOGS = YES;
				MTL_ENABLE_DEBUG_INFO = INCLUDE_SOURCE;
				MTL_FAST_MATH = YES;
				ONLY_ACTIVE_ARCH = YES;
				SDKROOT = iphoneos;
				SWIFT_ACTIVE_COMPILATION_CONDITIONS = "DEBUG $(inherited)";
				SWIFT_OPTIMIZATION_LEVEL = "-Onone";
			};
			name = Debug;
		};
		A39526EF2EA021EA008F3E10 /* Release */ = {
			isa = XCBuildConfiguration;
			buildSettings = {
				ALWAYS_SEARCH_USER_PATHS = NO;
				ASSETCATALOG_COMPILER_GENERATE_SWIFT_ASSET_SYMBOL_EXTENSIONS = YES;
				CLANG_ANALYZER_NONNULL = YES;
				CLANG_ANALYZER_NUMBER_OBJECT_CONVERSION = YES_AGGRESSIVE;
				CLANG_CXX_LANGUAGE_STANDARD = "gnu++20";
				CLANG_ENABLE_MODULES = YES;
				CLANG_ENABLE_OBJC_ARC = YES;
				CLANG_ENABLE_OBJC_WEAK = YES;
				CLANG_WARN_BLOCK_CAPTURE_AUTORELEASING = YES;
				CLANG_WARN_BOOL_CONVERSION = YES;
				CLANG_WARN_COMMA = YES;
				CLANG_WARN_CONSTANT_CONVERSION = YES;
				CLANG_WARN_DEPRECATED_OBJC_IMPLEMENTATIONS = YES;
				CLANG_WARN_DIRECT_OBJC_ISA_USAGE = YES_ERROR;
				CLANG_WARN_DOCUMENTATION_COMMENTS = YES;
				CLANG_WARN_EMPTY_BODY = YES;
				CLANG_WARN_ENUM_CONVERSION = YES;
				CLANG_WARN_INFINITE_RECURSION = YES;
				CLANG_WARN_INT_CONVERSION = YES;
				CLANG_WARN_NON_LITERAL_NULL_CONVERSION = YES;
				CLANG_WARN_OBJC_IMPLICIT_RETAIN_SELF = YES;
				CLANG_WARN_OBJC_LITERAL_CONVERSION = YES;
				CLANG_WARN_OBJC_ROOT_CLASS = YES_ERROR;
				CLANG_WARN_QUOTED_INCLUDE_IN_FRAMEWORK_HEADER = YES;
				CLANG_WARN_RANGE_LOOP_ANALYSIS = YES;
				CLANG_WARN_STRICT_PROTOTYPES = YES;
				CLANG_WARN_SUSPICIOUS_MOVE = YES;
				CLANG_WARN_UNGUARDED_AVAILABILITY = YES_AGGRESSIVE;
				CLANG_WARN_UNREACHABLE_CODE = YES;
				CLANG_WARN__DUPLICATE_METHOD_MATCH = YES;
				COPY_PHASE_STRIP = NO;
				DEBUG_INFORMATION_FORMAT = "dwarf-with-dsym";
				DEVELOPMENT_TEAM = F9ZXT3C227;
				ENABLE_NS_ASSERTIONS = NO;
				ENABLE_STRICT_OBJC_MSGSEND = YES;
				ENABLE_USER_SCRIPT_SANDBOXING = YES;
				GCC_C_LANGUAGE_STANDARD = gnu17;
				GCC_NO_COMMON_BLOCKS = YES;
				GCC_WARN_64_TO_32_BIT_CONVERSION = YES;
				GCC_WARN_ABOUT_RETURN_TYPE = YES_ERROR;
				GCC_WARN_UNDECLARED_SELECTOR = YES;
				GCC_WARN_UNINITIALIZED_AUTOS = YES_AGGRESSIVE;
				GCC_WARN_UNUSED_FUNCTION = YES;
				GCC_WARN_UNUSED_VARIABLE = YES;
				IPHONEOS_DEPLOYMENT_TARGET = 26.0;
				LOCALIZATION_PREFERS_STRING_CATALOGS = YES;
				MTL_ENABLE_DEBUG_INFO = NO;
				MTL_FAST_MATH = YES;
				SDKROOT = iphoneos;
				SWIFT_COMPILATION_MODE = wholemodule;
				VALIDATE_PRODUCT = YES;
			};
			name = Release;
		};
		A39526F12EA021EA008F3E10 /* Debug */ = {
			isa = XCBuildConfiguration;
			buildSettings = {
				BUNDLE_LOADER = "$(TEST_HOST)";
				CODE_SIGN_STYLE = Automatic;
				CURRENT_PROJECT_VERSION = 1;
				DEVELOPMENT_TEAM = F9ZXT3C227;
				GENERATE_INFOPLIST_FILE = YES;
				IPHONEOS_DEPLOYMENT_TARGET = 26.0;
				MARKETING_VERSION = 1.0;
				PRODUCT_BUNDLE_IDENTIFIER = com.luke.pixeltestuikit.PixelTestUIKitTests;
				PRODUCT_NAME = "$(TARGET_NAME)";
				STRING_CATALOG_GENERATE_SYMBOLS = NO;
				SWIFT_APPROACHABLE_CONCURRENCY = YES;
				SWIFT_EMIT_LOC_STRINGS = NO;
				SWIFT_UPCOMING_FEATURE_MEMBER_IMPORT_VISIBILITY = YES;
				SWIFT_VERSION = 5.0;
				TARGETED_DEVICE_FAMILY = "1,2";
				TEST_HOST = "$(BUILT_PRODUCTS_DIR)/PixelTestUIKit.app/$(BUNDLE_EXECUTABLE_FOLDER_PATH)/PixelTestUIKit";
			};
			name = Debug;
		};
		A39526F22EA021EA008F3E10 /* Release */ = {
			isa = XCBuildConfiguration;
			buildSettings = {
				BUNDLE_LOADER = "$(TEST_HOST)";
				CODE_SIGN_STYLE = Automatic;
				CURRENT_PROJECT_VERSION = 1;
				DEVELOPMENT_TEAM = F9ZXT3C227;
				GENERATE_INFOPLIST_FILE = YES;
				IPHONEOS_DEPLOYMENT_TARGET = 26.0;
				MARKETING_VERSION = 1.0;
				PRODUCT_BUNDLE_IDENTIFIER = com.luke.pixeltestuikit.PixelTestUIKitTests;
				PRODUCT_NAME = "$(TARGET_NAME)";
				STRING_CATALOG_GENERATE_SYMBOLS = NO;
				SWIFT_APPROACHABLE_CONCURRENCY = YES;
				SWIFT_EMIT_LOC_STRINGS = NO;
				SWIFT_UPCOMING_FEATURE_MEMBER_IMPORT_VISIBILITY = YES;
				SWIFT_VERSION = 5.0;
				TARGETED_DEVICE_FAMILY = "1,2";
				TEST_HOST = "$(BUILT_PRODUCTS_DIR)/PixelTestUIKit.app/$(BUNDLE_EXECUTABLE_FOLDER_PATH)/PixelTestUIKit";
			};
			name = Release;
		};
		A39526F42EA021EA008F3E10 /* Debug */ = {
			isa = XCBuildConfiguration;
			buildSettings = {
				CODE_SIGN_STYLE = Automatic;
				CURRENT_PROJECT_VERSION = 1;
				DEVELOPMENT_TEAM = F9ZXT3C227;
				GENERATE_INFOPLIST_FILE = YES;
				MARKETING_VERSION = 1.0;
				PRODUCT_BUNDLE_IDENTIFIER = com.luke.pixeltestuikit.PixelTestUIKitUITests;
				PRODUCT_NAME = "$(TARGET_NAME)";
				STRING_CATALOG_GENERATE_SYMBOLS = NO;
				SWIFT_APPROACHABLE_CONCURRENCY = YES;
				SWIFT_EMIT_LOC_STRINGS = NO;
				SWIFT_UPCOMING_FEATURE_MEMBER_IMPORT_VISIBILITY = YES;
				SWIFT_VERSION = 5.0;
				TARGETED_DEVICE_FAMILY = "1,2";
				TEST_TARGET_NAME = PixelTestUIKit;
			};
			name = Debug;
		};
		A39526F52EA021EA008F3E10 /* Release */ = {
			isa = XCBuildConfiguration;
			buildSettings = {
				CODE_SIGN_STYLE = Automatic;
				CURRENT_PROJECT_VERSION = 1;
				DEVELOPMENT_TEAM = F9ZXT3C227;
				GENERATE_INFOPLIST_FILE = YES;
				MARKETING_VERSION = 1.0;
				PRODUCT_BUNDLE_IDENTIFIER = com.luke.pixeltestuikit.PixelTestUIKitUITests;
				PRODUCT_NAME = "$(TARGET_NAME)";
				STRING_CATALOG_GENERATE_SYMBOLS = NO;
				SWIFT_APPROACHABLE_CONCURRENCY = YES;
				SWIFT_EMIT_LOC_STRINGS = NO;
				SWIFT_UPCOMING_FEATURE_MEMBER_IMPORT_VISIBILITY = YES;
				SWIFT_VERSION = 5.0;
				TARGETED_DEVICE_FAMILY = "1,2";
				TEST_TARGET_NAME = PixelTestUIKit;
			};
			name = Release;
		};
/* End XCBuildConfiguration section */

/* Begin XCConfigurationList section */
		A39526BD2EA021E9008F3E10 /* Build configuration list for PBXProject "PixelTestUIKit" */ = {
			isa = XCConfigurationList;
			buildConfigurations = (
				A39526EE2EA021EA008F3E10 /* Debug */,
				A39526EF2EA021EA008F3E10 /* Release */,
			);
			defaultConfigurationIsVisible = 0;
			defaultConfigurationName = Release;
		};
		A39526EB2EA021EA008F3E10 /* Build configuration list for PBXNativeTarget "PixelTestUIKit" */ = {
			isa = XCConfigurationList;
			buildConfigurations = (
				A39526EC2EA021EA008F3E10 /* Debug */,
				A39526ED2EA021EA008F3E10 /* Release */,
			);
			defaultConfigurationIsVisible = 0;
			defaultConfigurationName = Release;
		};
		A39526F02EA021EA008F3E10 /* Build configuration list for PBXNativeTarget "PixelTestUIKitTests" */ = {
			isa = XCConfigurationList;
			buildConfigurations = (
				A39526F12EA021EA008F3E10 /* Debug */,
				A39526F22EA021EA008F3E10 /* Release */,
			);
			defaultConfigurationIsVisible = 0;
			defaultConfigurationName = Release;
		};
		A39526F32EA021EA008F3E10 /* Build configuration list for PBXNativeTarget "PixelTestUIKitUITests" */ = {
			isa = XCConfigurationList;
			buildConfigurations = (
				A39526F42EA021EA008F3E10 /* Debug */,
				A39526F52EA021EA008F3E10 /* Release */,
			);
			defaultConfigurationIsVisible = 0;
			defaultConfigurationName = Release;
		};
/* End XCConfigurationList section */
	};
	rootObject = A39526BA2EA021E9008F3E10 /* Project object */;
}
